
Microsoft Visual Studio Solution File, Format Version 12.00
# Visual Studio Version 17
VisualStudioVersion = 17.8.34316.72
MinimumVisualStudioVersion = 10.0.40219.1
Project("{FAE04EC0-301F-11D3-BF4B-00C04F79EFBC}") = "WpfApp1", "WpfApp1\WpfApp1.csproj", "{F5936792-6ACA-49E1-AA8A-EB12DB9DF560}"
EndProject
Global
	GlobalSection(SolutionConfigurationPlatforms) = preSolution
		Debug|Any CPU = Debug|Any CPU
		Release|Any CPU = Release|Any CPU
	EndGlobalSection
	GlobalSection(ProjectConfigurationPlatforms) = postSolution
		{F5936792-6ACA-49E1-AA8A-EB12DB9DF560}.Debug|Any CPU.ActiveCfg = Debug|Any CPU
		{F5936792-6ACA-49E1-AA8A-EB12DB9DF560}.Debug|Any CPU.Build.0 = Debug|Any CPU
		{F5936792-6ACA-49E1-AA8A-EB12DB9DF560}.Release|Any CPU.ActiveCfg = Release|Any CPU
		{F5936792-6ACA-49E1-AA8A-EB12DB9DF560}.Release|Any CPU.Build.0 = Release|Any CPU
	EndGlobalSection
	GlobalSection(SolutionProperties) = preSolution
		HideSolutionNode = FALSE
	EndGlobalSection
	GlobalSection(ExtensibilityGlobals) = postSolution
		SolutionGuid = {76F97724-2784-4ADF-A038-8721B46C6223}
	EndGlobalSection
EndGlobal
